
Microsoft Visual Studio Solution File, Format Version 12.00
# Visual Studio Version 17
VisualStudioVersion = 17.9.34616.47
MinimumVisualStudioVersion = 10.0.40219.1
Project("{FAE04EC0-301F-11D3-BF4B-00C04F79EFBC}") = "task1", "task1\task1.csproj", "{319BBFA8-62AC-41D5-80AC-08033CDFD0FA}"
EndProject
Project("{FAE04EC0-301F-11D3-BF4B-00C04F79EFBC}") = "task2", "task2\task2.csproj", "{37BDA74D-02E3-4AE2-B584-B527F5DEB893}"
EndProject
Project("{FAE04EC0-301F-11D3-BF4B-00C04F79EFBC}") = "Task3", "Task3\Task3.csproj", "{F98B1226-83F8-419F-BB8D-93E5C6439410}"
EndProject
Global
	GlobalSection(SolutionConfigurationPlatforms) = preSolution
		Debug|Any CPU = Debug|Any CPU
		Release|Any CPU = Release|Any CPU
	EndGlobalSection
	GlobalSection(ProjectConfigurationPlatforms) = postSolution
		{319BBFA8-62AC-41D5-80AC-08033CDFD0FA}.Debug|Any CPU.ActiveCfg = Debug|Any CPU
		{319BBFA8-62AC-41D5-80AC-08033CDFD0FA}.Debug|Any CPU.Build.0 = Debug|Any CPU
		{319BBFA8-62AC-41D5-80AC-08033CDFD0FA}.Release|Any CPU.ActiveCfg = Release|Any CPU
		{319BBFA8-62AC-41D5-80AC-08033CDFD0FA}.Release|Any CPU.Build.0 = Release|Any CPU
		{37BDA74D-02E3-4AE2-B584-B527F5DEB893}.Debug|Any CPU.ActiveCfg = Debug|Any CPU
		{37BDA74D-02E3-4AE2-B584-B527F5DEB893}.Debug|Any CPU.Build.0 = Debug|Any CPU
		{37BDA74D-02E3-4AE2-B584-B527F5DEB893}.Release|Any CPU.ActiveCfg = Release|Any CPU
		{37BDA74D-02E3-4AE2-B584-B527F5DEB893}.Release|Any CPU.Build.0 = Release|Any CPU
		{F98B1226-83F8-419F-BB8D-93E5C6439410}.Debug|Any CPU.ActiveCfg = Debug|Any CPU
		{F98B1226-83F8-419F-BB8D-93E5C6439410}.Debug|Any CPU.Build.0 = Debug|Any CPU
		{F98B1226-83F8-419F-BB8D-93E5C6439410}.Release|Any CPU.ActiveCfg = Release|Any CPU
		{F98B1226-83F8-419F-BB8D-93E5C6439410}.Release|Any CPU.Build.0 = Release|Any CPU
	EndGlobalSection
	GlobalSection(SolutionProperties) = preSolution
		HideSolutionNode = FALSE
	EndGlobalSection
	GlobalSection(ExtensibilityGlobals) = postSolution
		SolutionGuid = {B5209A39-7AEF-4559-BC5A-04A36DB369D2}
	EndGlobalSection
EndGlobal
